// !$*UTF8*$!
{
	archiveVersion = 1;
	classes = {
	};
	objectVersion = 56;
	objects = {

/* Begin PBXBuildFile section */
		1F0686272BC1AAD600113A57 /* ConfirmationView.swift in Sources */ = {isa = PBXBuildFile; fileRef = 1F0686262BC1AAD600113A57 /* ConfirmationView.swift */; };
		1F6AE19E2BBC66E3007333AD /* GoogleService-Info.plist in Resources */ = {isa = PBXBuildFile; fileRef = 1F6AE19D2BBC66E3007333AD /* GoogleService-Info.plist */; };
		1F6AE1A12BBC6939007333AD /* GoogleAccountLogin.swift in Sources */ = {isa = PBXBuildFile; fileRef = 1F6AE1A02BBC6939007333AD /* GoogleAccountLogin.swift */; };
		1F811CF52BBDB5820001DCDA /* AccountRegistrationView.swift in Sources */ = {isa = PBXBuildFile; fileRef = 1F811CF42BBDB5820001DCDA /* AccountRegistrationView.swift */; };
		1F9A644E2BB7BF7D00816094 /* Firebase_test4App.swift in Sources */ = {isa = PBXBuildFile; fileRef = 1F9A644D2BB7BF7D00816094 /* Firebase_test4App.swift */; };
		1F9A64502BB7BF7D00816094 /* NewAccountView.swift in Sources */ = {isa = PBXBuildFile; fileRef = 1F9A644F2BB7BF7D00816094 /* NewAccountView.swift */; };
		1F9A64522BB7BF7E00816094 /* Assets.xcassets in Resources */ = {isa = PBXBuildFile; fileRef = 1F9A64512BB7BF7E00816094 /* Assets.xcassets */; };
		1F9A64552BB7BF7E00816094 /* Preview Assets.xcassets in Resources */ = {isa = PBXBuildFile; fileRef = 1F9A64542BB7BF7E00816094 /* Preview Assets.xcassets */; };
		1F9A645F2BB7C33A00816094 /* FirebaseAnalytics in Frameworks */ = {isa = PBXBuildFile; productRef = 1F9A645E2BB7C33A00816094 /* FirebaseAnalytics */; };
		1F9A64612BB7C33A00816094 /* FirebaseAuth in Frameworks */ = {isa = PBXBuildFile; productRef = 1F9A64602BB7C33A00816094 /* FirebaseAuth */; };
		1FEF4E312BC4374600FC63B8 /* MyPageView.swift in Sources */ = {isa = PBXBuildFile; fileRef = 1FEF4E302BC4374600FC63B8 /* MyPageView.swift */; };
		2178F602BD92265E751D7BFE /* Pods_Firebase_test4.framework in Frameworks */ = {isa = PBXBuildFile; fileRef = 34E93C0A6E02A5C916E739FB /* Pods_Firebase_test4.framework */; };
/* End PBXBuildFile section */

/* Begin PBXFileReference section */
		1F0686262BC1AAD600113A57 /* ConfirmationView.swift */ = {isa = PBXFileReference; lastKnownFileType = sourcecode.swift; path = ConfirmationView.swift; sourceTree = "<group>"; };
		1F6AE19D2BBC66E3007333AD /* GoogleService-Info.plist */ = {isa = PBXFileReference; fileEncoding = 4; lastKnownFileType = text.plist.xml; path = "GoogleService-Info.plist"; sourceTree = "<group>"; };
		1F6AE19F2BBC673D007333AD /* Firebase-test4-Info.plist */ = {isa = PBXFileReference; lastKnownFileType = text.plist; path = "Firebase-test4-Info.plist"; sourceTree = SOURCE_ROOT; };
		1F6AE1A02BBC6939007333AD /* GoogleAccountLogin.swift */ = {isa = PBXFileReference; lastKnownFileType = sourcecode.swift; path = GoogleAccountLogin.swift; sourceTree = "<group>"; };
		1F811CF42BBDB5820001DCDA /* AccountRegistrationView.swift */ = {isa = PBXFileReference; lastKnownFileType = sourcecode.swift; path = AccountRegistrationView.swift; sourceTree = "<group>"; };
		1F9A644A2BB7BF7D00816094 /* Firebase_test4.app */ = {isa = PBXFileReference; explicitFileType = wrapper.application; includeInIndex = 0; path = Firebase_test4.app; sourceTree = BUILT_PRODUCTS_DIR; };
		1F9A644D2BB7BF7D00816094 /* Firebase_test4App.swift */ = {isa = PBXFileReference; lastKnownFileType = sourcecode.swift; path = Firebase_test4App.swift; sourceTree = "<group>"; };
		1F9A644F2BB7BF7D00816094 /* NewAccountView.swift */ = {isa = PBXFileReference; lastKnownFileType = sourcecode.swift; path = NewAccountView.swift; sourceTree = "<group>"; };
		1F9A64512BB7BF7E00816094 /* Assets.xcassets */ = {isa = PBXFileReference; lastKnownFileType = folder.assetcatalog; path = Assets.xcassets; sourceTree = "<group>"; };
		1F9A64542BB7BF7E00816094 /* Preview Assets.xcassets */ = {isa = PBXFileReference; lastKnownFileType = folder.assetcatalog; path = "Preview Assets.xcassets"; sourceTree = "<group>"; };
		1FEF4E302BC4374600FC63B8 /* MyPageView.swift */ = {isa = PBXFileReference; lastKnownFileType = sourcecode.swift; path = MyPageView.swift; sourceTree = "<group>"; };
		34E93C0A6E02A5C916E739FB /* Pods_Firebase_test4.framework */ = {isa = PBXFileReference; explicitFileType = wrapper.framework; includeInIndex = 0; path = Pods_Firebase_test4.framework; sourceTree = BUILT_PRODUCTS_DIR; };
		AAA48096E9A4AF84015CD95F /* Pods-Firebase_test4.debug.xcconfig */ = {isa = PBXFileReference; includeInIndex = 1; lastKnownFileType = text.xcconfig; name = "Pods-Firebase_test4.debug.xcconfig"; path = "Target Support Files/Pods-Firebase_test4/Pods-Firebase_test4.debug.xcconfig"; sourceTree = "<group>"; };
		D01114739661FE71F7972919 /* Pods-Firebase_test4.release.xcconfig */ = {isa = PBXFileReference; includeInIndex = 1; lastKnownFileType = text.xcconfig; name = "Pods-Firebase_test4.release.xcconfig"; path = "Target Support Files/Pods-Firebase_test4/Pods-Firebase_test4.release.xcconfig"; sourceTree = "<group>"; };
/* End PBXFileReference section */

/* Begin PBXFrameworksBuildPhase section */
		1F9A64472BB7BF7D00816094 /* Frameworks */ = {
			isa = PBXFrameworksBuildPhase;
			buildActionMask = 2147483647;
			files = (
				1F9A645F2BB7C33A00816094 /* FirebaseAnalytics in Frameworks */,
				1F9A64612BB7C33A00816094 /* FirebaseAuth in Frameworks */,
				2178F602BD92265E751D7BFE /* Pods_Firebase_test4.framework in Frameworks */,
			);
			runOnlyForDeploymentPostprocessing = 0;
		};
/* End PBXFrameworksBuildPhase section */

/* Begin PBXGroup section */
		0F7F6B53DD29103E6A74E68D /* Frameworks */ = {
			isa = PBXGroup;
			children = (
				34E93C0A6E02A5C916E739FB /* Pods_Firebase_test4.framework */,
			);
			name = Frameworks;
			sourceTree = "<group>";
		};
		1F9A64412BB7BF7D00816094 = {
			isa = PBXGroup;
			children = (
				1F9A644C2BB7BF7D00816094 /* Firebase_test4 */,
				1F9A644B2BB7BF7D00816094 /* Products */,
				523817AAAD59A50704BB49FD /* Pods */,
				0F7F6B53DD29103E6A74E68D /* Frameworks */,
			);
			sourceTree = "<group>";
		};
		1F9A644B2BB7BF7D00816094 /* Products */ = {
			isa = PBXGroup;
			children = (
				1F9A644A2BB7BF7D00816094 /* Firebase_test4.app */,
			);
			name = Products;
			sourceTree = "<group>";
		};
		1F9A644C2BB7BF7D00816094 /* Firebase_test4 */ = {
			isa = PBXGroup;
			children = (
				1F6AE19F2BBC673D007333AD /* Firebase-test4-Info.plist */,
				1F9A644D2BB7BF7D00816094 /* Firebase_test4App.swift */,
				1F9A644F2BB7BF7D00816094 /* NewAccountView.swift */,
				1F6AE1A02BBC6939007333AD /* GoogleAccountLogin.swift */,
				1F811CF42BBDB5820001DCDA /* AccountRegistrationView.swift */,
				1F0686262BC1AAD600113A57 /* ConfirmationView.swift */,
				1FEF4E302BC4374600FC63B8 /* MyPageView.swift */,
				1F9A64512BB7BF7E00816094 /* Assets.xcassets */,
				1F6AE19D2BBC66E3007333AD /* GoogleService-Info.plist */,
				1F9A64532BB7BF7E00816094 /* Preview Content */,
			);
			path = Firebase_test4;
			sourceTree = "<group>";
		};
		1F9A64532BB7BF7E00816094 /* Preview Content */ = {
			isa = PBXGroup;
			children = (
				1F9A64542BB7BF7E00816094 /* Preview Assets.xcassets */,
			);
			path = "Preview Content";
			sourceTree = "<group>";
		};
		523817AAAD59A50704BB49FD /* Pods */ = {
			isa = PBXGroup;
			children = (
				AAA48096E9A4AF84015CD95F /* Pods-Firebase_test4.debug.xcconfig */,
				D01114739661FE71F7972919 /* Pods-Firebase_test4.release.xcconfig */,
			);
			path = Pods;
			sourceTree = "<group>";
		};
/* End PBXGroup section */

/* Begin PBXNativeTarget section */
		1F9A64492BB7BF7D00816094 /* Firebase_test4 */ = {
			isa = PBXNativeTarget;
			buildConfigurationList = 1F9A64582BB7BF7E00816094 /* Build configuration list for PBXNativeTarget "Firebase_test4" */;
			buildPhases = (
				01A649092C3A29021C87B8C0 /* [CP] Check Pods Manifest.lock */,
				1F9A64462BB7BF7D00816094 /* Sources */,
				1F9A64472BB7BF7D00816094 /* Frameworks */,
				1F9A64482BB7BF7D00816094 /* Resources */,
				8B29D2D6E73E7DA1A34766F2 /* [CP] Embed Pods Frameworks */,
			);
			buildRules = (
			);
			dependencies = (
			);
			name = Firebase_test4;
			packageProductDependencies = (
				1F9A645E2BB7C33A00816094 /* FirebaseAnalytics */,
				1F9A64602BB7C33A00816094 /* FirebaseAuth */,
			);
			productName = Firebase_test4;
			productReference = 1F9A644A2BB7BF7D00816094 /* Firebase_test4.app */;
			productType = "com.apple.product-type.application";
		};
/* End PBXNativeTarget section */

/* Begin PBXProject section */
		1F9A64422BB7BF7D00816094 /* Project object */ = {
			isa = PBXProject;
			attributes = {
				BuildIndependentTargetsInParallel = 1;
				LastSwiftUpdateCheck = 1430;
				LastUpgradeCheck = 1430;
				TargetAttributes = {
					1F9A64492BB7BF7D00816094 = {
						CreatedOnToolsVersion = 14.3;
					};
				};
			};
			buildConfigurationList = 1F9A64452BB7BF7D00816094 /* Build configuration list for PBXProject "Firebase_test4" */;
			compatibilityVersion = "Xcode 14.0";
			developmentRegion = en;
			hasScannedForEncodings = 0;
			knownRegions = (
				en,
				Base,
			);
			mainGroup = 1F9A64412BB7BF7D00816094;
			packageReferences = (
				1F9A645D2BB7C33A00816094 /* XCRemoteSwiftPackageReference "firebase-ios-sdk" */,
			);
			productRefGroup = 1F9A644B2BB7BF7D00816094 /* Products */;
			projectDirPath = "";
			projectRoot = "";
			targets = (
				1F9A64492BB7BF7D00816094 /* Firebase_test4 */,
			);
		};
/* End PBXProject section */

/* Begin PBXResourcesBuildPhase section */
		1F9A64482BB7BF7D00816094 /* Resources */ = {
			isa = PBXResourcesBuildPhase;
			buildActionMask = 2147483647;
			files = (
				1F9A64552BB7BF7E00816094 /* Preview Assets.xcassets in Resources */,
				1F6AE19E2BBC66E3007333AD /* GoogleService-Info.plist in Resources */,
				1F9A64522BB7BF7E00816094 /* Assets.xcassets in Resources */,
			);
			runOnlyForDeploymentPostprocessing = 0;
		};
/* End PBXResourcesBuildPhase section */

/* Begin PBXShellScriptBuildPhase section */
		01A649092C3A29021C87B8C0 /* [CP] Check Pods Manifest.lock */ = {
			isa = PBXShellScriptBuildPhase;
			buildActionMask = 2147483647;
			files = (
			);
			inputFileListPaths = (
			);
			inputPaths = (
				"${PODS_PODFILE_DIR_PATH}/Podfile.lock",
				"${PODS_ROOT}/Manifest.lock",
			);
			name = "[CP] Check Pods Manifest.lock";
			outputFileListPaths = (
			);
			outputPaths = (
				"$(DERIVED_FILE_DIR)/Pods-Firebase_test4-checkManifestLockResult.txt",
			);
			runOnlyForDeploymentPostprocessing = 0;
			shellPath = /bin/sh;
			shellScript = "diff \"${PODS_PODFILE_DIR_PATH}/Podfile.lock\" \"${PODS_ROOT}/Manifest.lock\" > /dev/null\nif [ $? != 0 ] ; then\n    # print error to STDERR\n    echo \"error: The sandbox is not in sync with the Podfile.lock. Run 'pod install' or update your CocoaPods installation.\" >&2\n    exit 1\nfi\n# This output is used by Xcode 'outputs' to avoid re-running this script phase.\necho \"SUCCESS\" > \"${SCRIPT_OUTPUT_FILE_0}\"\n";
			showEnvVarsInLog = 0;
		};
		8B29D2D6E73E7DA1A34766F2 /* [CP] Embed Pods Frameworks */ = {
			isa = PBXShellScriptBuildPhase;
			buildActionMask = 2147483647;
			files = (
			);
			inputFileListPaths = (
				"${PODS_ROOT}/Target Support Files/Pods-Firebase_test4/Pods-Firebase_test4-frameworks-${CONFIGURATION}-input-files.xcfilelist",
			);
			name = "[CP] Embed Pods Frameworks";
			outputFileListPaths = (
				"${PODS_ROOT}/Target Support Files/Pods-Firebase_test4/Pods-Firebase_test4-frameworks-${CONFIGURATION}-output-files.xcfilelist",
			);
			runOnlyForDeploymentPostprocessing = 0;
			shellPath = /bin/sh;
			shellScript = "\"${PODS_ROOT}/Target Support Files/Pods-Firebase_test4/Pods-Firebase_test4-frameworks.sh\"\n";
			showEnvVarsInLog = 0;
		};
/* End PBXShellScriptBuildPhase section */

/* Begin PBXSourcesBuildPhase section */
		1F9A64462BB7BF7D00816094 /* Sources */ = {
			isa = PBXSourcesBuildPhase;
			buildActionMask = 2147483647;
			files = (
				1F0686272BC1AAD600113A57 /* ConfirmationView.swift in Sources */,
				1F9A64502BB7BF7D00816094 /* NewAccountView.swift in Sources */,
				1F9A644E2BB7BF7D00816094 /* Firebase_test4App.swift in Sources */,
				1F6AE1A12BBC6939007333AD /* GoogleAccountLogin.swift in Sources */,
				1F811CF52BBDB5820001DCDA /* AccountRegistrationView.swift in Sources */,
				1FEF4E312BC4374600FC63B8 /* MyPageView.swift in Sources */,
			);
			runOnlyForDeploymentPostprocessing = 0;
		};
/* End PBXSourcesBuildPhase section */

/* Begin XCBuildConfiguration section */
		1F9A64562BB7BF7E00816094 /* Debug */ = {
			isa = XCBuildConfiguration;
			buildSettings = {
				ALWAYS_SEARCH_USER_PATHS = NO;
				CLANG_ANALYZER_NONNULL = YES;
				CLANG_ANALYZER_NUMBER_OBJECT_CONVERSION = YES_AGGRESSIVE;
				CLANG_CXX_LANGUAGE_STANDARD = "gnu++20";
				CLANG_ENABLE_MODULES = YES;
				CLANG_ENABLE_OBJC_ARC = YES;
				CLANG_ENABLE_OBJC_WEAK = YES;
				CLANG_WARN_BLOCK_CAPTURE_AUTORELEASING = YES;
				CLANG_WARN_BOOL_CONVERSION = YES;
				CLANG_WARN_COMMA = YES;
				CLANG_WARN_CONSTANT_CONVERSION = YES;
				CLANG_WARN_DEPRECATED_OBJC_IMPLEMENTATIONS = YES;
				CLANG_WARN_DIRECT_OBJC_ISA_USAGE = YES_ERROR;
				CLANG_WARN_DOCUMENTATION_COMMENTS = YES;
				CLANG_WARN_EMPTY_BODY = YES;
				CLANG_WARN_ENUM_CONVERSION = YES;
				CLANG_WARN_INFINITE_RECURSION = YES;
				CLANG_WARN_INT_CONVERSION = YES;
				CLANG_WARN_NON_LITERAL_NULL_CONVERSION = YES;
				CLANG_WARN_OBJC_IMPLICIT_RETAIN_SELF = YES;
				CLANG_WARN_OBJC_LITERAL_CONVERSION = YES;
				CLANG_WARN_OBJC_ROOT_CLASS = YES_ERROR;
				CLANG_WARN_QUOTED_INCLUDE_IN_FRAMEWORK_HEADER = YES;
				CLANG_WARN_RANGE_LOOP_ANALYSIS = YES;
				CLANG_WARN_STRICT_PROTOTYPES = YES;
				CLANG_WARN_SUSPICIOUS_MOVE = YES;
				CLANG_WARN_UNGUARDED_AVAILABILITY = YES_AGGRESSIVE;
				CLANG_WARN_UNREACHABLE_CODE = YES;
				CLANG_WARN__DUPLICATE_METHOD_MATCH = YES;
				COPY_PHASE_STRIP = NO;
				DEBUG_INFORMATION_FORMAT = dwarf;
				ENABLE_STRICT_OBJC_MSGSEND = YES;
				ENABLE_TESTABILITY = YES;
				GCC_C_LANGUAGE_STANDARD = gnu11;
				GCC_DYNAMIC_NO_PIC = NO;
				GCC_NO_COMMON_BLOCKS = YES;
				GCC_OPTIMIZATION_LEVEL = 0;
				GCC_PREPROCESSOR_DEFINITIONS = (
					"DEBUG=1",
					"$(inherited)",
				);
				GCC_WARN_64_TO_32_BIT_CONVERSION = YES;
				GCC_WARN_ABOUT_RETURN_TYPE = YES_ERROR;
				GCC_WARN_UNDECLARED_SELECTOR = YES;
				GCC_WARN_UNINITIALIZED_AUTOS = YES_AGGRESSIVE;
				GCC_WARN_UNUSED_FUNCTION = YES;
				GCC_WARN_UNUSED_VARIABLE = YES;
				IPHONEOS_DEPLOYMENT_TARGET = 16.4;
				MTL_ENABLE_DEBUG_INFO = INCLUDE_SOURCE;
				MTL_FAST_MATH = YES;
				ONLY_ACTIVE_ARCH = YES;
				SDKROOT = iphoneos;
				SWIFT_ACTIVE_COMPILATION_CONDITIONS = DEBUG;
				SWIFT_OPTIMIZATION_LEVEL = "-Onone";
			};
			name = Debug;
		};
		1F9A64572BB7BF7E00816094 /* Release */ = {
			isa = XCBuildConfiguration;
			buildSettings = {
				ALWAYS_SEARCH_USER_PATHS = NO;
				CLANG_ANALYZER_NONNULL = YES;
				CLANG_ANALYZER_NUMBER_OBJECT_CONVERSION = YES_AGGRESSIVE;
				CLANG_CXX_LANGUAGE_STANDARD = "gnu++20";
				CLANG_ENABLE_MODULES = YES;
				CLANG_ENABLE_OBJC_ARC = YES;
				CLANG_ENABLE_OBJC_WEAK = YES;
				CLANG_WARN_BLOCK_CAPTURE_AUTORELEASING = YES;
				CLANG_WARN_BOOL_CONVERSION = YES;
				CLANG_WARN_COMMA = YES;
				CLANG_WARN_CONSTANT_CONVERSION = YES;
				CLANG_WARN_DEPRECATED_OBJC_IMPLEMENTATIONS = YES;
				CLANG_WARN_DIRECT_OBJC_ISA_USAGE = YES_ERROR;
				CLANG_WARN_DOCUMENTATION_COMMENTS = YES;
				CLANG_WARN_EMPTY_BODY = YES;
				CLANG_WARN_ENUM_CONVERSION = YES;
				CLANG_WARN_INFINITE_RECURSION = YES;
				CLANG_WARN_INT_CONVERSION = YES;
				CLANG_WARN_NON_LITERAL_NULL_CONVERSION = YES;
				CLANG_WARN_OBJC_IMPLICIT_RETAIN_SELF = YES;
				CLANG_WARN_OBJC_LITERAL_CONVERSION = YES;
				CLANG_WARN_OBJC_ROOT_CLASS = YES_ERROR;
				CLANG_WARN_QUOTED_INCLUDE_IN_FRAMEWORK_HEADER = YES;
				CLANG_WARN_RANGE_LOOP_ANALYSIS = YES;
				CLANG_WARN_STRICT_PROTOTYPES = YES;
				CLANG_WARN_SUSPICIOUS_MOVE = YES;
				CLANG_WARN_UNGUARDED_AVAILABILITY = YES_AGGRESSIVE;
				CLANG_WARN_UNREACHABLE_CODE = YES;
				CLANG_WARN__DUPLICATE_METHOD_MATCH = YES;
				COPY_PHASE_STRIP = NO;
				DEBUG_INFORMATION_FORMAT = "dwarf-with-dsym";
				ENABLE_NS_ASSERTIONS = NO;
				ENABLE_STRICT_OBJC_MSGSEND = YES;
				GCC_C_LANGUAGE_STANDARD = gnu11;
				GCC_NO_COMMON_BLOCKS = YES;
				GCC_WARN_64_TO_32_BIT_CONVERSION = YES;
				GCC_WARN_ABOUT_RETURN_TYPE = YES_ERROR;
				GCC_WARN_UNDECLARED_SELECTOR = YES;
				GCC_WARN_UNINITIALIZED_AUTOS = YES_AGGRESSIVE;
				GCC_WARN_UNUSED_FUNCTION = YES;
				GCC_WARN_UNUSED_VARIABLE = YES;
				IPHONEOS_DEPLOYMENT_TARGET = 16.4;
				MTL_ENABLE_DEBUG_INFO = NO;
				MTL_FAST_MATH = YES;
				SDKROOT = iphoneos;
				SWIFT_COMPILATION_MODE = wholemodule;
				SWIFT_OPTIMIZATION_LEVEL = "-O";
				VALIDATE_PRODUCT = YES;
			};
			name = Release;
		};
		1F9A64592BB7BF7E00816094 /* Debug */ = {
			isa = XCBuildConfiguration;
			baseConfigurationReference = AAA48096E9A4AF84015CD95F /* Pods-Firebase_test4.debug.xcconfig */;
			buildSettings = {
				ASSETCATALOG_COMPILER_APPICON_NAME = AppIcon;
				ASSETCATALOG_COMPILER_GLOBAL_ACCENT_COLOR_NAME = AccentColor;
				CODE_SIGN_STYLE = Automatic;
				CURRENT_PROJECT_VERSION = 1;
				DEVELOPMENT_ASSET_PATHS = "\"Firebase_test4/Preview Content\"";
				ENABLE_PREVIEWS = YES;
				GENERATE_INFOPLIST_FILE = YES;
				INFOPLIST_FILE = "Firebase-test4-Info.plist";
				INFOPLIST_KEY_UIApplicationSceneManifest_Generation = YES;
				INFOPLIST_KEY_UIApplicationSupportsIndirectInputEvents = YES;
				INFOPLIST_KEY_UILaunchScreen_Generation = YES;
				INFOPLIST_KEY_UISupportedInterfaceOrientations_iPad = "UIInterfaceOrientationPortrait UIInterfaceOrientationPortraitUpsideDown UIInterfaceOrientationLandscapeLeft UIInterfaceOrientationLandscapeRight";
				INFOPLIST_KEY_UISupportedInterfaceOrientations_iPhone = "UIInterfaceOrientationPortrait UIInterfaceOrientationLandscapeLeft UIInterfaceOrientationLandscapeRight";
				IPHONEOS_DEPLOYMENT_TARGET = 15.0;
				LD_RUNPATH_SEARCH_PATHS = (
					"$(inherited)",
					"@executable_path/Frameworks",
				);
				MARKETING_VERSION = 1.0;
				PRODUCT_BUNDLE_IDENTIFIER = "jp.co.mividaloca.Firebase-test4";
				PRODUCT_NAME = "$(TARGET_NAME)";
				SWIFT_EMIT_LOC_STRINGS = YES;
				SWIFT_VERSION = 5.0;
				TARGETED_DEVICE_FAMILY = "1,2";
			};
			name = Debug;
		};
		1F9A645A2BB7BF7E00816094 /* Release */ = {
			isa = XCBuildConfiguration;
			baseConfigurationReference = D01114739661FE71F7972919 /* Pods-Firebase_test4.release.xcconfig */;
			buildSettings = {
				ASSETCATALOG_COMPILER_APPICON_NAME = AppIcon;
				ASSETCATALOG_COMPILER_GLOBAL_ACCENT_COLOR_NAME = AccentColor;
				CODE_SIGN_STYLE = Automatic;
				CURRENT_PROJECT_VERSION = 1;
				DEVELOPMENT_ASSET_PATHS = "\"Firebase_test4/Preview Content\"";
				ENABLE_PREVIEWS = YES;
				GENERATE_INFOPLIST_FILE = YES;
				INFOPLIST_FILE = "Firebase-test4-Info.plist";
				INFOPLIST_KEY_UIApplicationSceneManifest_Generation = YES;
				INFOPLIST_KEY_UIApplicationSupportsIndirectInputEvents = YES;
				INFOPLIST_KEY_UILaunchScreen_Generation = YES;
				INFOPLIST_KEY_UISupportedInterfaceOrientations_iPad = "UIInterfaceOrientationPortrait UIInterfaceOrientationPortraitUpsideDown UIInterfaceOrientationLandscapeLeft UIInterfaceOrientationLandscapeRight";
				INFOPLIST_KEY_UISupportedInterfaceOrientations_iPhone = "UIInterfaceOrientationPortrait UIInterfaceOrientationLandscapeLeft UIInterfaceOrientationLandscapeRight";
				IPHONEOS_DEPLOYMENT_TARGET = 15.0;
				LD_RUNPATH_SEARCH_PATHS = (
					"$(inherited)",
					"@executable_path/Frameworks",
				);
				MARKETING_VERSION = 1.0;
				PRODUCT_BUNDLE_IDENTIFIER = "jp.co.mividaloca.Firebase-test4";
				PRODUCT_NAME = "$(TARGET_NAME)";
				SWIFT_EMIT_LOC_STRINGS = YES;
				SWIFT_VERSION = 5.0;
				TARGETED_DEVICE_FAMILY = "1,2";
			};
			name = Release;
		};
/* End XCBuildConfiguration section */

/* Begin XCConfigurationList section */
		1F9A64452BB7BF7D00816094 /* Build configuration list for PBXProject "Firebase_test4" */ = {
			isa = XCConfigurationList;
			buildConfigurations = (
				1F9A64562BB7BF7E00816094 /* Debug */,
				1F9A64572BB7BF7E00816094 /* Release */,
			);
			defaultConfigurationIsVisible = 0;
			defaultConfigurationName = Release;
		};
		1F9A64582BB7BF7E00816094 /* Build configuration list for PBXNativeTarget "Firebase_test4" */ = {
			isa = XCConfigurationList;
			buildConfigurations = (
				1F9A64592BB7BF7E00816094 /* Debug */,
				1F9A645A2BB7BF7E00816094 /* Release */,
			);
			defaultConfigurationIsVisible = 0;
			defaultConfigurationName = Release;
		};
/* End XCConfigurationList section */

/* Begin XCRemoteSwiftPackageReference section */
		1F9A645D2BB7C33A00816094 /* XCRemoteSwiftPackageReference "firebase-ios-sdk" */ = {
			isa = XCRemoteSwiftPackageReference;
			repositoryURL = "https://github.com/firebase/firebase-ios-sdk";
			requirement = {
				kind = upToNextMajorVersion;
				minimumVersion = 10.0.0;
			};
		};
/* End XCRemoteSwiftPackageReference section */

/* Begin XCSwiftPackageProductDependency section */
		1F9A645E2BB7C33A00816094 /* FirebaseAnalytics */ = {
			isa = XCSwiftPackageProductDependency;
			package = 1F9A645D2BB7C33A00816094 /* XCRemoteSwiftPackageReference "firebase-ios-sdk" */;
			productName = FirebaseAnalytics;
		};
		1F9A64602BB7C33A00816094 /* FirebaseAuth */ = {
			isa = XCSwiftPackageProductDependency;
			package = 1F9A645D2BB7C33A00816094 /* XCRemoteSwiftPackageReference "firebase-ios-sdk" */;
			productName = FirebaseAuth;
		};
/* End XCSwiftPackageProductDependency section */
	};
	rootObject = 1F9A64422BB7BF7D00816094 /* Project object */;
}
